github.com/andybalholm/brotli v1.0.4 h1:V7DdXeJtZscaqfNuAdSRuRFzuiKlHSC/Zh3zl9qY3JY=
github.com/andybalholm/brotli v1.0.4/go.mod h1:fO7iG3H7G2nSZ7m0zPUDn85XEX2GTukHGRSepvi9Eig=
github.com/andybalholm/brotli v1.0.5 h1:8uQZIdzKmjc/iuPu7O2ioW48L81FgatrcpfFmiq/cCs=
github.com/andybalholm/brotli v1.0.5/go.mod h1:fO7iG3H7G2nSZ7m0zPUDn85XEX2GTukHGRSepvi9Eig=
github.com/andybalholm/brotli v1.0.6 h1:Yf9fFpf49Zrxb9NlQaluyE92/+X7UVHlhMNJN2sxfOI=
github.com/andybalholm/brotli v1.0.6/go.mod h1:fO7iG3H7G2nSZ7m0zPUDn85XEX2GTukHGRSepvi9Eig=
github.com/cloudflare/circl v1.3.3 h1:fE/Qz0QdIGqeWfnwq0RE0R7MI51s0M2E4Ga9kq5AEMs=
github.com/cloudflare/circl v1.3.3/go.mod h1:5XYMA4rFBvNIrhs50XuiBJ15vF2pZn4nnUKZrLbUZFA=
github.com/fasthttp/router v1.4.16 h1:faWJ9OtaHvAtodreyQLps58M80YFNzphMJtOJzeESXs=
github.com/fasthttp/router v1.4.16/go.mod h1:NFNlTCilbRVkeLc+E5JDkcxUdkpiJGKDL8Zy7Ey2JTI=
github.com/gaukas/godicttls v0.0.4 h1:NlRaXb3J6hAnTmWdsEKb9bcSBD6BvcIjdGdeb0zfXbk=
github.com/gaukas/godicttls v0.0.4/go.mod h1:l6EenT4TLWgTdwslVb4sEMOCf7Bv0JAK67deKr9/NCI=
github.com/google/uuid v1.3.0/go.mod h1:TIyPZe4MgqvfeYDBFedMoGGpEw/LqOeaOT+nhxU+yHo=
github.com/jckli/valorant.go v0.0.0-20230216183626-c1712d0f5494 h1:1G2HCpMGTPv78SFtWHWyZ2B4g/BrVqb8j3KmBEiF52M=
github.com/jckli/valorant.go v0.0.0-20230216183626-c1712d0f5494/go.mod h1:aZvbW7pntRtCoHmG9BGLkp0Nachd9+yJ0u2DQ2pxOnY=
github.com/jckli/valorant.go v0.0.0-20230216193545-73a8663bf41d h1:lwBLM/kRixh6Uua9j6aYDRztSuYOoI6ByzwBZxnJ+3o=
github.com/jckli/valorant.go v0.0.0-20230216193545-73a8663bf41d/go.mod h1:aZvbW7pntRtCoHmG9BGLkp0Nachd9+yJ0u2DQ2pxOnY=
github.com/jckli/valorant.go v0.0.0-20230216210102-098920bd0572 h1:gdHD1zX1a0msmYz/G2myNV5lEzqo3cDDyiv5wiOAgLA=
github.com/jckli/valorant.go v0.0.0-20230216210102-098920bd0572/go.mod h1:aZvbW7pntRtCoHmG9BGLkp0Nachd9+yJ0u2DQ2pxOnY=
github.com/jckli/valorant.go v0.0.0-20230216214650-f476bab1fb5e h1:ZcZQ+OVUoS0urzwIOX1GEmbD1uJWVhBPMIa5lsWA73U=
github.com/jckli/valorant.go v0.0.0-20230216214650-f476bab1fb5e/go.mod h1:aZvbW7pntRtCoHmG9BGLkp0Nachd9+yJ0u2DQ2pxOnY=
github.com/jckli/valorant.go v0.0.0-20230217040026-44debe0df2a5 h1:BZbi3x6QtL5x9rB6I8R9Ar65jXeZJIETU/0eobcYz+Y=
github.com/jckli/valorant.go v0.0.0-20230217040026-44debe0df2a5/go.mod h1:aZvbW7pntRtCoHmG9BGLkp0Nachd9+yJ0u2DQ2pxOnY=
github.com/jckli/valorant.go v0.0.0-20230217040828-0f44b7ba9564 h1:Fi72zIoqfGAwYLenujhAkHpXBW2VRBQLGXO7ueneQ+c=
github.com/jckli/valorant.go v0.0.0-20230217040828-0f44b7ba9564/go.mod h1:aZvbW7pntRtCoHmG9BGLkp0Nachd9+yJ0u2DQ2pxOnY=
github.com/jckli/valorant.go v0.0.0-20230217041355-671c605aca6f h1:D6Mo5f731oH1+T5YBAckgOmaxTlekrWe2k9UrkSuOD8=
github.com/jckli/valorant.go v0.0.0-20230217041355-671c605aca6f/go.mod h1:aZvbW7pntRtCoHmG9BGLkp0Nachd9+yJ0u2DQ2pxOnY=
github.com/jckli/valorant.go v0.0.0-20230217042442-c25c5ef1ad26 h1:9EoHSFhcBA60GvaLGBO+734+0/8TvzMWQvB7wMYszF8=
github.com/jckli/valorant.go v0.0.0-20230217042442-c25c5ef1ad26/go.mod h1:aZvbW7pntRtCoHmG9BGLkp0Nachd9+yJ0u2DQ2pxOnY=
github.com/jckli/valorant.go v0.0.0-20230217043809-b3597cd2ce2f h1:KlyCsQM/FHvZ/wmN2pdn+HibilBa9IuWNGFL075sa+8=
github.com/jckli/valorant.go v0.0.0-20230217043809-b3597cd2ce2f/go.mod h1:aZvbW7pntRtCoHmG9BGLkp0Nachd9+yJ0u2DQ2pxOnY=
github.com/jckli/valorant.go v0.0.0-20230217044813-207981c3fd26 h1:UDcGsah+z4LD9fltFgTHpEH8XZNUVcTgEGIhtLGbuWM=
github.com/jckli/valorant.go v0.0.0-20230217044813-207981c3fd26/go.mod h1:aZvbW7pntRtCoHmG9BGLkp0Nachd9+yJ0u2DQ2pxOnY=
github.com/jckli/valorant.go v0.0.0-20230217045237-caf8c2491afe h1:80tlwNVB62CFOAbZMFrtqoZrwKj5DXnRYW6mAWE55u8=
github.com/jckli/valorant.go v0.0.0-20230217045237-caf8c2491afe/go.mod h1:aZvbW7pntRtCoHmG9BGLkp0Nachd9+yJ0u2DQ2pxOnY=
github.com/jckli/valorant.go v0.0.0-20230217045758-2bd833b1c110 h1:ocJOPKd28rfBjJghZxuGkCx3fOjKuvOQBlJKA9vxXtU=
github.com/jckli/valorant.go v0.0.0-20230217045758-2bd833b1c110/go.mod h1:aZvbW7pntRtCoHmG9BGLkp0Nachd9+yJ0u2DQ2pxOnY=
github.com/jckli/valorant.go v0.0.0-20230217045954-410103bacba8 h1:Pg/Z66j8m8VL35dxEaz6/V/+nIn/vaO/kkFAp0NcjBg=
github.com/jckli/valorant.go v0.0.0-20230217045954-410103bacba8/go.mod h1:aZvbW7pntRtCoHmG9BGLkp0Nachd9+yJ0u2DQ2pxOnY=
github.com/jckli/valorant.go v0.0.0-20230217051521-fde340657427 h1:nTAT7h76pkUbrbQzBGx7D4Rvt2+scAy/OYR2Roulpzo=
github.com/jckli/valorant.go v0.0.0-20230217051521-fde340657427/go.mod h1:aZvbW7pntRtCoHmG9BGLkp0Nachd9+yJ0u2DQ2pxOnY=
github.com/jckli/valorant.go v0.0.0-20240302213829-1887c1d74054 h1:0rUv6gijdbyx6yZgYyEEJjHOdYyfHs2KLnnCfj1D9jM=
github.com/jckli/valorant.go v0.0.0-20240302213829-1887c1d74054/go.mod h1:aPVbTd0KSuC6LHz/mW5nXP1qUUYJ2j1kHeBzsv2Ha0k=
github.com/jckli/valorant.go v0.0.0-20240302225802-86d0869df1d9 h1:9mZcScQErmKzUIuKXwUDcaBkQIqDf8pSErqZmoWN/Kg=
github.com/jckli/valorant.go v0.0.0-20240302225802-86d0869df1d9/go.mod h1:aPVbTd0KSuC6LHz/mW5nXP1qUUYJ2j1kHeBzsv2Ha0k=
github.com/jckli/valorant.go v0.0.0-20240303014853-767b96e024b6 h1:oLOCamcPTmQM8VXtHkcePCtk8iySwfI45zJXQzqQT5Y=
github.com/jckli/valorant.go v0.0.0-20240303014853-767b96e024b6/go.mod h1:aPVbTd0KSuC6LHz/mW5nXP1qUUYJ2j1kHeBzsv2Ha0k=
github.com/jckli/valorant.go v0.0.0-20240303021526-717c8cd000f7 h1:Lq8hDM01IHgzv0WCiZlbHY0V9fFEYyq6M7tjFu8YmSQ=
github.com/jckli/valorant.go v0.0.0-20240303021526-717c8cd000f7/go.mod h1:aPVbTd0KSuC6LHz/mW5nXP1qUUYJ2j1kHeBzsv2Ha0k=
github.com/jckli/valorant.go v0.0.0-20240303023705-5df67d08335c h1:dfmQO8tuabbdCkRSvQsPY2FWrfckedAEUth9eIkbQUU=
github.com/jckli/valorant.go v0.0.0-20240303023705-5df67d08335c/go.mod h1:aPVbTd0KSuC6LHz/mW5nXP1qUUYJ2j1kHeBzsv2Ha0k=
github.com/jckli/valorant.go v0.0.0-20240303023806-4d531b8b67a5 h1:7qGboZPOFrWpDZyMzMCxXpTOsQQV+pCjt+ioGvjGYNM=
github.com/jckli/valorant.go v0.0.0-20240303023806-4d531b8b67a5/go.mod h1:aPVbTd0KSuC6LHz/mW5nXP1qUUYJ2j1kHeBzsv2Ha0k=
github.com/jckli/valorant.go v0.0.0-20240303024623-d35ae1602082 h1:vcED+HmIqW+wcbXgSPgnUA0fsWIKNss3pOleJ4/AzqE=
github.com/jckli/valorant.go v0.0.0-20240303024623-d35ae1602082/go.mod h1:aPVbTd0KSuC6LHz/mW5nXP1qUUYJ2j1kHeBzsv2Ha0k=
github.com/jckli/valorant.go v0.0.0-20240303025323-fabda04e2c9a h1:T742PpfhmYFQcmtuP7l1Fnk/+8/T55uQWEBJU8uqty8=
github.com/jckli/valorant.go v0.0.0-20240303025323-fabda04e2c9a/go.mod h1:aPVbTd0KSuC6LHz/mW5nXP1qUUYJ2j1kHeBzsv2Ha0k=
github.com/jckli/valorant.go v0.0.0-20240303025647-7ba6fcbbf4f9 h1:cVQRJ7Id/M/yF09qWTB7Ht0LGBbYJRvAw1fJJsAHpLI=
github.com/jckli/valorant.go v0.0.0-20240303025647-7ba6fcbbf4f9/go.mod h1:aPVbTd0KSuC6LHz/mW5nXP1qUUYJ2j1kHeBzsv2Ha0k=
github.com/joho/godotenv v1.5.1 h1:7eLL/+HRGLY0ldzfGMeQkb7vMd0as4CfYvUVzLqw0N0=
github.com/joho/godotenv v1.5.1/go.mod h1:f4LDr5Voq0i2e/R5DDNOoa2zzDfwtkZa6DnEwAbqwq4=
github.com/klauspost/compress v1.13.6/go.mod h1:/3/Vjq9QcHkK5uEr5lBEmyoZ1iFhe47etQ6QUkpK6sk=
github.com/klauspost/compress v1.15.9/go.mod h1:PhcZ0MbTNciWF3rruxRgKxI5NkcHHrHUDtV4Yw2GlzU=
github.com/klauspost/compress v1.15.15 h1:EF27CXIuDsYJ6mmvtBRlEuB2UVOqHG1tAXgZ7yIO+lw=
github.com/klauspost/compress v1.15.15/go.mod h1:ZcK2JAFqKOpnBlxcLsJzYfrS9X1akm9fHZNnD9+Vo/4=
github.com/klauspost/compress v1.17.3 h1:qkRjuerhUU1EmXLYGkSH6EZL+vPSxIrYjLNAK4slzwA=
github.com/klauspost/compress v1.17.3/go.mod h1:/dCuZOvVtNoHsyb+cuJD3itjs3NbnF6KH9zAO4BDxPM=
github.com/quic-go/quic-go v0.37.4 h1:ke8B73yMCWGq9MfrCCAw0Uzdm7GaViC3i39dsIdDlH4=
github.com/quic-go/quic-go v0.37.4/go.mod h1:YsbH1r4mSHPJcLF4k4zruUkLBqctEMBDR6VPvcYjIsU=
github.com/refraction-networking/utls v1.1.1 h1:4p66eNC+MOrL3tI7oMdA5Z8d1TgQXB8fxfuueE9DA7U=
github.com/refraction-networking/utls v1.1.1/go.mod h1:+D89TUtA8+NKVFj1IXWr0p3tSdX1+SqUB7rL0QnGqyg=
github.com/refraction-networking/utls v1.5.4 h1:9k6EO2b8TaOGsQ7Pl7p9w6PUhx18/ZCeT0WNTZ7Uw4o=
github.com/refraction-networking/utls v1.5.4/go.mod h1:SPuDbBmgLGp8s+HLNc83FuavwZCFoMmExj+ltUHiHUw=
github.com/rueian/rueidis v0.0.93 h1:cG905akj2+QyHx0x9y4mN0K8vLi6M94QiyoLulXS3l0=
github.com/rueian/rueidis v0.0.93/go.mod h1:lo6LBci0D986usi5Wxjb4RVNaWENKYbHZSnufGJ9bTE=
github.com/savsgio/gotils v0.0.0-20220530130905-52f3993e8d6d h1:Q+gqLBOPkFGHyCJxXMRqtUgUbTjI8/Ze8vu8GGyNFwo=
github.com/savsgio/gotils v0.0.0-20220530130905-52f3993e8d6d/go.mod h1:Gy+0tqhJvgGlqnTF8CVGP0AaGRjwBtXs/a5PA0Y3+A4=
github.com/savsgio/gotils v0.0.0-20230208104028-c358bd845dee h1:8Iv5m6xEo1NR1AvpV+7XmhI4r39LGNzwUL4YpMuL5vk=
github.com/savsgio/gotils v0.0.0-20230208104028-c358bd845dee/go.mod h1:qwtSXrKuJh/zsFQ12yEE89xfCrGKK63Rr7ctU/uCo4g=
github.com/valyala/bytebufferpool v1.0.0 h1:GqA5TC/0021Y/b9FG4Oi9Mr3q7XYx6KllzawFIhcdPw=
github.com/valyala/bytebufferpool v1.0.0/go.mod h1:6bBcMArwyJ5K/AmCkWv1jt77kVWyCJ6HpOuEn7z0Csc=
github.com/valyala/fasthttp v1.44.0 h1:R+gLUhldIsfg1HokMuQjdQ5bh9nuXHPIfvkYUu9eR5Q=
github.com/valyala/fasthttp v1.44.0/go.mod h1:f6VbjjoI3z1NDOZOv17o6RvtRSWxC77seBFc2uWtgiY=
github.com/valyala/fasthttp v1.51.0 h1:8b30A5JlZ6C7AS81RsWjYMQmrZG6feChmgAolCl1SqA=
github.com/valyala/fasthttp v1.51.0/go.mod h1:oI2XroL+lI7vdXyYoQk03bXBThfFl2cVdIA3Xl7cH8g=
github.com/valyala/tcplisten v1.0.0/go.mod h1:T0xQ8SeCZGxckz9qRXTfG43PvQ/mcWh7FwZEA7Ioqkc=
golang.org/x/crypto v0.0.0-20211108221036-ceb1ce70b4fa/go.mod h1:GvvjBRRGRdwPK5ydBHafDWAxML/pGHZbMvKqRZ5+Abc=
golang.org/x/crypto v0.0.0-20220214200702-86341886e292 h1:f+lwQ+GtmgoY+A2YaQxlSOnDjXcQ7ZRLWOHbC6HtRqE=
golang.org/x/crypto v0.0.0-20220214200702-86341886e292/go.mod h1:IxCIyHEi3zRg3s0A5j5BB6A9Jmi73HwBIUl50j+osU4=
golang.org/x/crypto v0.14.0 h1:wBqGXzWJW6m1XrIKlAH0Hs1JJ7+9KBwnIO8v66Q9cHc=
golang.org/x/crypto v0.14.0/go.mod h1:MVFd36DqK4CsrnJYDkBA3VC4m2GkXAM0PvzMCn4JQf4=
golang.org/x/net v0.0.0-20210226172049-e18ecbb05110/go.mod h1:m0MpNAwzfU5UDzcl9v0D8zg8gWTRqZa9RBIspLL5mdg=
golang.org/x/net v0.0.0-20211111160137-58aab5ef257a/go.mod h1:9nx3DQGgdP8bBQD5qxJ1jj9UTztislL4KSBs9R2vV5Y=
golang.org/x/net v0.0.0-20211112202133-69e39bad7dc2/go.mod h1:9nx3DQGgdP8bBQD5qxJ1jj9UTztislL4KSBs9R2vV5Y=
golang.org/x/net v0.0.0-20220906165146-f3363e06e74c/go.mod h1:YDH+HFinaLZZlnHAfSS6ZXJJ9M9t4Dl22yv3iI2vPwk=
golang.org/x/sys v0.0.0-20201119102817-f84b799fce68/go.mod h1:h1NjWce9XRLGQEsW7wpKNCjG9DtNlClVuFLEZdDNbEs=
golang.org/x/sys v0.0.0-20210423082822-04245dca01da/go.mod h1:h1NjWce9XRLGQEsW7wpKNCjG9DtNlClVuFLEZdDNbEs=
golang.org/x/sys v0.0.0-20210615035016-665e8c7367d1/go.mod h1:oPkhp1MJrh7nUepCBck5+mAzfO9JrbApNNgaTdGDITg=
golang.org/x/sys v0.0.0-20220728004956-3c1f35247d10/go.mod h1:oPkhp1MJrh7nUepCBck5+mAzfO9JrbApNNgaTdGDITg=
golang.org/x/sys v0.4.0 h1:Zr2JFtRQNX3BCZ8YtxRE9hNJYC8J6I1MVbMg6owUp18=
golang.org/x/sys v0.4.0/go.mod h1:oPkhp1MJrh7nUepCBck5+mAzfO9JrbApNNgaTdGDITg=
golang.org/x/sys v0.13.0 h1:Af8nKPmuFypiUBjVoU9V20FiaFXOcuZI21p0ycVYYGE=
golang.org/x/sys v0.13.0/go.mod h1:oPkhp1MJrh7nUepCBck5+mAzfO9JrbApNNgaTdGDITg=
golang.org/x/term v0.0.0-20201126162022-7de9c90e9dd1/go.mod h1:bj7SfCRtBDWHUb9snDiAeCFNEtKQo2Wmx5Cou7ajbmo=
golang.org/x/term v0.0.0-20210927222741-03fcf44c2211/go.mod h1:jbD1KX2456YbFQfuXm/mYQcufACuNUgVhRMnK/tPxf8=
golang.org/x/text v0.3.3/go.mod h1:5Zoc/QRtKVWzQhOtBMvqHzDpF6irO9z98xDceosuGiQ=
golang.org/x/text v0.3.6/go.mod h1:5Zoc/QRtKVWzQhOtBMvqHzDpF6irO9z98xDceosuGiQ=
golang.org/x/text v0.3.7/go.mod h1:u+2+/6zg+i71rQMx5EYifcz6MCKuco9NR6JIITiCfzQ=
golang.org/x/tools v0.0.0-20180917221912-90fa682c2a6e/go.mod h1:n7NCudcB/nEzxVGmLbDWY5pfWTLqBcC2KZ6jyYvM4mQ=
